
Microsoft Visual Studio Solution File, Format Version 12.00
# Visual Studio Version 16
VisualStudioVersion = 16.0.29613.14
MinimumVisualStudioVersion = 10.0.40219.1
Project("{FAE04EC0-301F-11D3-BF4B-00C04F79EFBC}") = "Chronometer", "Chronometer\Chronometer.csproj", "{5C07B5DB-45E5-4273-A645-3DD5A7035B00}"
EndProject
Global
	GlobalSection(SolutionConfigurationPlatforms) = preSolution
		Debug|Any CPU = Debug|Any CPU
		Release|Any CPU = Release|Any CPU
	EndGlobalSection
	GlobalSection(ProjectConfigurationPlatforms) = postSolution
		{5C07B5DB-45E5-4273-A645-3DD5A7035B00}.Debug|Any CPU.ActiveCfg = Debug|Any CPU
		{5C07B5DB-45E5-4273-A645-3DD5A7035B00}.Debug|Any CPU.Build.0 = Debug|Any CPU
		{5C07B5DB-45E5-4273-A645-3DD5A7035B00}.Release|Any CPU.ActiveCfg = Release|Any CPU
		{5C07B5DB-45E5-4273-A645-3DD5A7035B00}.Release|Any CPU.Build.0 = Release|Any CPU
	EndGlobalSection
	GlobalSection(SolutionProperties) = preSolution
		HideSolutionNode = FALSE
	EndGlobalSection
	GlobalSection(ExtensibilityGlobals) = postSolution
		SolutionGuid = {D560C3A7-8FC6-4FBA-8894-92DBB8CAA853}
	EndGlobalSection
EndGlobal
