
Microsoft Visual Studio Solution File, Format Version 12.00
# Visual Studio 15
VisualStudioVersion = 15.0.28307.539
MinimumVisualStudioVersion = 10.0.40219.1
Project("{9A19103F-16F7-4668-BE54-9A1E7A4F7556}") = "01. Concert", "01. Concert\01. Concert.csproj", "{A4AB80B2-BCD2-4E2D-8406-88195F6C8158}"
EndProject
Project("{FAE04EC0-301F-11D3-BF4B-00C04F79EFBC}") = "02. Song Encryption", "02. Song Encryption\02. Song Encryption.csproj", "{A0FA628E-EEA4-4AC7-8AFD-A99B1886B75C}"
EndProject
Global
	GlobalSection(SolutionConfigurationPlatforms) = preSolution
		Debug|Any CPU = Debug|Any CPU
		Release|Any CPU = Release|Any CPU
	EndGlobalSection
	GlobalSection(ProjectConfigurationPlatforms) = postSolution
		{A4AB80B2-BCD2-4E2D-8406-88195F6C8158}.Debug|Any CPU.ActiveCfg = Debug|Any CPU
		{A4AB80B2-BCD2-4E2D-8406-88195F6C8158}.Debug|Any CPU.Build.0 = Debug|Any CPU
		{A4AB80B2-BCD2-4E2D-8406-88195F6C8158}.Release|Any CPU.ActiveCfg = Release|Any CPU
		{A4AB80B2-BCD2-4E2D-8406-88195F6C8158}.Release|Any CPU.Build.0 = Release|Any CPU
		{A0FA628E-EEA4-4AC7-8AFD-A99B1886B75C}.Debug|Any CPU.ActiveCfg = Debug|Any CPU
		{A0FA628E-EEA4-4AC7-8AFD-A99B1886B75C}.Debug|Any CPU.Build.0 = Debug|Any CPU
		{A0FA628E-EEA4-4AC7-8AFD-A99B1886B75C}.Release|Any CPU.ActiveCfg = Release|Any CPU
		{A0FA628E-EEA4-4AC7-8AFD-A99B1886B75C}.Release|Any CPU.Build.0 = Release|Any CPU
	EndGlobalSection
	GlobalSection(SolutionProperties) = preSolution
		HideSolutionNode = FALSE
	EndGlobalSection
	GlobalSection(ExtensibilityGlobals) = postSolution
		SolutionGuid = {5DD3CDDC-923A-4232-BE3B-20B7F5847280}
	EndGlobalSection
EndGlobal
